
Microsoft Visual Studio Solution File, Format Version 12.00
# Visual Studio Version 16
VisualStudioVersion = 16.0.30320.27
MinimumVisualStudioVersion = 10.0.40219.1
Project("{9A19103F-16F7-4668-BE54-9A1E7A4F7556}") = "Bya.Extensions.Linq", "Bya.Extensions.Linq\Bya.Extensions.Linq.csproj", "{E2F95F21-123B-4C2F-B97C-6CA238255E36}"
EndProject
Project("{9A19103F-16F7-4668-BE54-9A1E7A4F7556}") = "Bya.EntityFramework.Core", "Bya.EntityFramework.Core\Bya.EntityFramework.Core.csproj", "{62331C6C-CCBE-4AA0-9322-CB14FB7247FE}"
EndProject
Project("{FAE04EC0-301F-11D3-BF4B-00C04F79EFBC}") = "Bya.DateUtils", "Bya.DateUtils\Bya.DateUtils.csproj", "{39C9206A-056C-46BE-8857-34AD90994979}"
EndProject
Project("{2150E333-8FDC-42A3-9474-1A3956D46DE8}") = "Tests", "Tests", "{DA82AF15-2CCE-4E9C-8CCC-6677B7F9EEEE}"
EndProject
Project("{FAE04EC0-301F-11D3-BF4B-00C04F79EFBC}") = "LibraryTests", "Tests\LibraryTests\LibraryTests.csproj", "{0DAF2E7F-1D35-41AF-B5C7-B8F8FC374E20}"
EndProject
Global
	GlobalSection(SolutionConfigurationPlatforms) = preSolution
		Debug|Any CPU = Debug|Any CPU
		Release|Any CPU = Release|Any CPU
	EndGlobalSection
	GlobalSection(ProjectConfigurationPlatforms) = postSolution
		{E2F95F21-123B-4C2F-B97C-6CA238255E36}.Debug|Any CPU.ActiveCfg = Debug|Any CPU
		{E2F95F21-123B-4C2F-B97C-6CA238255E36}.Debug|Any CPU.Build.0 = Debug|Any CPU
		{E2F95F21-123B-4C2F-B97C-6CA238255E36}.Release|Any CPU.ActiveCfg = Release|Any CPU
		{E2F95F21-123B-4C2F-B97C-6CA238255E36}.Release|Any CPU.Build.0 = Release|Any CPU
		{62331C6C-CCBE-4AA0-9322-CB14FB7247FE}.Debug|Any CPU.ActiveCfg = Debug|Any CPU
		{62331C6C-CCBE-4AA0-9322-CB14FB7247FE}.Debug|Any CPU.Build.0 = Debug|Any CPU
		{62331C6C-CCBE-4AA0-9322-CB14FB7247FE}.Release|Any CPU.ActiveCfg = Release|Any CPU
		{62331C6C-CCBE-4AA0-9322-CB14FB7247FE}.Release|Any CPU.Build.0 = Release|Any CPU
		{39C9206A-056C-46BE-8857-34AD90994979}.Debug|Any CPU.ActiveCfg = Debug|Any CPU
		{39C9206A-056C-46BE-8857-34AD90994979}.Debug|Any CPU.Build.0 = Debug|Any CPU
		{39C9206A-056C-46BE-8857-34AD90994979}.Release|Any CPU.ActiveCfg = Release|Any CPU
		{39C9206A-056C-46BE-8857-34AD90994979}.Release|Any CPU.Build.0 = Release|Any CPU
		{0DAF2E7F-1D35-41AF-B5C7-B8F8FC374E20}.Debug|Any CPU.ActiveCfg = Debug|Any CPU
		{0DAF2E7F-1D35-41AF-B5C7-B8F8FC374E20}.Debug|Any CPU.Build.0 = Debug|Any CPU
		{0DAF2E7F-1D35-41AF-B5C7-B8F8FC374E20}.Release|Any CPU.ActiveCfg = Release|Any CPU
		{0DAF2E7F-1D35-41AF-B5C7-B8F8FC374E20}.Release|Any CPU.Build.0 = Release|Any CPU
	EndGlobalSection
	GlobalSection(SolutionProperties) = preSolution
		HideSolutionNode = FALSE
	EndGlobalSection
	GlobalSection(NestedProjects) = preSolution
		{0DAF2E7F-1D35-41AF-B5C7-B8F8FC374E20} = {DA82AF15-2CCE-4E9C-8CCC-6677B7F9EEEE}
	EndGlobalSection
	GlobalSection(ExtensibilityGlobals) = postSolution
		SolutionGuid = {D6AF54EA-02F4-4D60-B8E4-B86A0F0E8CF7}
	EndGlobalSection
EndGlobal
